
Microsoft Visual Studio Solution File, Format Version 12.00
# Visual Studio Version 16
VisualStudioVersion = 25.0.1706.7
MinimumVisualStudioVersion = 10.0.40219.1
Project("{FAE04EC0-301F-11D3-BF4B-00C04F79EFBC}") = "PublicGitRepo", "PublicGitRepo\PublicGitRepo.csproj", "{0C0693D0-658C-413D-B3F6-035039B2950E}"
EndProject
Global
	GlobalSection(SolutionConfigurationPlatforms) = preSolution
		Debug|Any CPU = Debug|Any CPU
		Release|Any CPU = Release|Any CPU
	EndGlobalSection
	GlobalSection(ProjectConfigurationPlatforms) = postSolution
		{0C0693D0-658C-413D-B3F6-035039B2950E}.Debug|Any CPU.ActiveCfg = Debug|Any CPU
		{0C0693D0-658C-413D-B3F6-035039B2950E}.Debug|Any CPU.Build.0 = Debug|Any CPU
		{0C0693D0-658C-413D-B3F6-035039B2950E}.Release|Any CPU.ActiveCfg = Release|Any CPU
		{0C0693D0-658C-413D-B3F6-035039B2950E}.Release|Any CPU.Build.0 = Release|Any CPU
	EndGlobalSection
	GlobalSection(SolutionProperties) = preSolution
		HideSolutionNode = FALSE
	EndGlobalSection
	GlobalSection(ExtensibilityGlobals) = postSolution
		SolutionGuid = {FA2DDA68-9CF6-4FD6-8C11-1415879D74A5}
	EndGlobalSection
EndGlobal
